
Microsoft Visual Studio Solution File, Format Version 12.00
# Visual Studio Version 17
VisualStudioVersion = 17.5.002.0
MinimumVisualStudioVersion = 10.0.40219.1
Project("{9A19103F-16F7-4668-BE54-9A1E7A4F7556}") = "ToDo-Blazor-App-With-LocalStorage", "ToDo-Blazor-App-With-LocalStorage.csproj", "{14E642E6-6A34-455E-AD24-55F0000245F7}"
EndProject
Global
	GlobalSection(SolutionConfigurationPlatforms) = preSolution
		Debug|Any CPU = Debug|Any CPU
		Release|Any CPU = Release|Any CPU
	EndGlobalSection
	GlobalSection(ProjectConfigurationPlatforms) = postSolution
		{14E642E6-6A34-455E-AD24-55F0000245F7}.Debug|Any CPU.ActiveCfg = Debug|Any CPU
		{14E642E6-6A34-455E-AD24-55F0000245F7}.Debug|Any CPU.Build.0 = Debug|Any CPU
		{14E642E6-6A34-455E-AD24-55F0000245F7}.Release|Any CPU.ActiveCfg = Release|Any CPU
		{14E642E6-6A34-455E-AD24-55F0000245F7}.Release|Any CPU.Build.0 = Release|Any CPU
	EndGlobalSection
	GlobalSection(SolutionProperties) = preSolution
		HideSolutionNode = FALSE
	EndGlobalSection
	GlobalSection(ExtensibilityGlobals) = postSolution
		SolutionGuid = {2BBB6630-8336-4753-89AE-11315B7E922B}
	EndGlobalSection
EndGlobal
